
Microsoft Visual Studio Solution File, Format Version 12.00
# Visual Studio 15
VisualStudioVersion = 15.0.28010.2046
MinimumVisualStudioVersion = 10.0.40219.1
Project("{FAE04EC0-301F-11D3-BF4B-00C04F79EFBC}") = "1025", "1025\1025.csproj", "{0378487E-6EC0-4031-BDC5-68D60D3A150E}"
EndProject
Global
	GlobalSection(SolutionConfigurationPlatforms) = preSolution
		Debug|Any CPU = Debug|Any CPU
		Release|Any CPU = Release|Any CPU
	EndGlobalSection
	GlobalSection(ProjectConfigurationPlatforms) = postSolution
		{0378487E-6EC0-4031-BDC5-68D60D3A150E}.Debug|Any CPU.ActiveCfg = Debug|Any CPU
		{0378487E-6EC0-4031-BDC5-68D60D3A150E}.Debug|Any CPU.Build.0 = Debug|Any CPU
		{0378487E-6EC0-4031-BDC5-68D60D3A150E}.Release|Any CPU.ActiveCfg = Release|Any CPU
		{0378487E-6EC0-4031-BDC5-68D60D3A150E}.Release|Any CPU.Build.0 = Release|Any CPU
	EndGlobalSection
	GlobalSection(SolutionProperties) = preSolution
		HideSolutionNode = FALSE
	EndGlobalSection
	GlobalSection(ExtensibilityGlobals) = postSolution
		SolutionGuid = {1EC7397E-C013-4F71-A5AB-53CE7DB8ACC2}
	EndGlobalSection
EndGlobal
